PODS:
  - Flutter (1.0.0)
  - fluttertoast (0.0.2):
    - Flutter
    - Toast
  - NWWebSocket (0.5.2)
  - pusher_channels_flutter (0.0.1):
    - Flutter
    - PusherSwift (~> 10.0.0)
  - PusherSwift (10.0.0):
    - NWWebSocket (~> 0.5.2)
    - TweetNacl (~> 1.0.0)
  - shared_preferences (0.0.1):
    - Flutter
  - Toast (4.0.0)
  - TweetNacl (1.0.2)
  - webview_flutter_wkwebview (0.0.1):
    - Flutter

DEPENDENCIES:
  - Flutter (from `Flutter`)
  - fluttertoast (from `.symlinks/plugins/fluttertoast/ios`)
  - pusher_channels_flutter (from `.symlinks/plugins/pusher_channels_flutter/ios`)
  - shared_preferences (from `.symlinks/plugins/shared_preferences/ios`)
  - webview_flutter_wkwebview (from `.symlinks/plugins/webview_flutter_wkwebview/ios`)

SPEC REPOS:
  trunk:
    - NWWebSocket
    - PusherSwift
    - Toast
    - TweetNacl

EXTERNAL SOURCES:
  Flutter:
    :path: Flutter
  fluttertoast:
    :path: ".symlinks/plugins/fluttertoast/ios"
  pusher_channels_flutter:
    :path: ".symlinks/plugins/pusher_channels_flutter/ios"
  shared_preferences:
    :path: ".symlinks/plugins/shared_preferences/ios"
  webview_flutter_wkwebview:
    :path: ".symlinks/plugins/webview_flutter_wkwebview/ios"

SPEC CHECKSUMS:
  Flutter: 50d75fe2f02b26cc09d224853bb45737f8b3214a
  fluttertoast: 16fbe6039d06a763f3533670197d01fc73459037
  NWWebSocket: 21f0c73639815da3272862c912275b26102aa80c
  pusher_channels_flutter: 36d51ae4a94195bb9109c2009de2f8445e222d67
  PusherSwift: 264eaceb921a5f8e166f01a2242371179540c7ff
  shared_preferences: 5033afbb22d372e15aff8ff766df9021b845f273
  Toast: 91b396c56ee72a5790816f40d3a94dd357abc196
  TweetNacl: 3abf4d1d2082b0114e7a67410e300892448951e6
  webview_flutter_wkwebview: b7e70ef1ddded7e69c796c7390ee74180182971f

PODFILE CHECKSUM: cc1f88378b4bfcf93a6ce00d2c587857c6008d3b

COCOAPODS: 1.11.3
